
Microsoft Visual Studio Solution File, Format Version 12.00
# Visual Studio Version 16
VisualStudioVersion = 16.0.30114.105
MinimumVisualStudioVersion = 10.0.40219.1
Project("{9A19103F-16F7-4668-BE54-9A1E7A4F7556}") = "Ldap.API", "Ldap.API\Ldap.API.csproj", "{1D43F7BE-8E84-42FB-B56E-53E4D2A83469}"
EndProject
Project("{9A19103F-16F7-4668-BE54-9A1E7A4F7556}") = "Ldap.BusinessLogic", "Ldap.BusinessLogic\Ldap.BusinessLogic.csproj", "{F3E0C767-4DCC-48F3-A9BA-74A345CA181B}"
EndProject
Project("{2150E333-8FDC-42A3-9474-1A3956D46DE8}") = "Solution Items", "Solution Items", "{C095B806-7164-4889-BE16-C868DB6B3D41}"
	ProjectSection(SolutionItems) = preProject
		.editorconfig = .editorconfig
	EndProjectSection
EndProject
Project("{FAE04EC0-301F-11D3-BF4B-00C04F79EFBC}") = "Ldap.Models", "Ldap.Models\Ldap.Models.csproj", "{CDCC0708-249E-41F0-B410-ABFF36F3260E}"
EndProject
Global
	GlobalSection(SolutionConfigurationPlatforms) = preSolution
		Debug|Any CPU = Debug|Any CPU
		Debug|x64 = Debug|x64
		Debug|x86 = Debug|x86
		Release|Any CPU = Release|Any CPU
		Release|x64 = Release|x64
		Release|x86 = Release|x86
	EndGlobalSection
	GlobalSection(ProjectConfigurationPlatforms) = postSolution
		{1D43F7BE-8E84-42FB-B56E-53E4D2A83469}.Debug|Any CPU.ActiveCfg = Debug|Any CPU
		{1D43F7BE-8E84-42FB-B56E-53E4D2A83469}.Debug|Any CPU.Build.0 = Debug|Any CPU
		{1D43F7BE-8E84-42FB-B56E-53E4D2A83469}.Debug|x64.ActiveCfg = Debug|Any CPU
		{1D43F7BE-8E84-42FB-B56E-53E4D2A83469}.Debug|x64.Build.0 = Debug|Any CPU
		{1D43F7BE-8E84-42FB-B56E-53E4D2A83469}.Debug|x86.ActiveCfg = Debug|Any CPU
		{1D43F7BE-8E84-42FB-B56E-53E4D2A83469}.Debug|x86.Build.0 = Debug|Any CPU
		{1D43F7BE-8E84-42FB-B56E-53E4D2A83469}.Release|Any CPU.ActiveCfg = Release|Any CPU
		{1D43F7BE-8E84-42FB-B56E-53E4D2A83469}.Release|Any CPU.Build.0 = Release|Any CPU
		{1D43F7BE-8E84-42FB-B56E-53E4D2A83469}.Release|x64.ActiveCfg = Release|Any CPU
		{1D43F7BE-8E84-42FB-B56E-53E4D2A83469}.Release|x64.Build.0 = Release|Any CPU
		{1D43F7BE-8E84-42FB-B56E-53E4D2A83469}.Release|x86.ActiveCfg = Release|Any CPU
		{1D43F7BE-8E84-42FB-B56E-53E4D2A83469}.Release|x86.Build.0 = Release|Any CPU
		{F3E0C767-4DCC-48F3-A9BA-74A345CA181B}.Debug|Any CPU.ActiveCfg = Debug|Any CPU
		{F3E0C767-4DCC-48F3-A9BA-74A345CA181B}.Debug|Any CPU.Build.0 = Debug|Any CPU
		{F3E0C767-4DCC-48F3-A9BA-74A345CA181B}.Debug|x64.ActiveCfg = Debug|Any CPU
		{F3E0C767-4DCC-48F3-A9BA-74A345CA181B}.Debug|x64.Build.0 = Debug|Any CPU
		{F3E0C767-4DCC-48F3-A9BA-74A345CA181B}.Debug|x86.ActiveCfg = Debug|Any CPU
		{F3E0C767-4DCC-48F3-A9BA-74A345CA181B}.Debug|x86.Build.0 = Debug|Any CPU
		{F3E0C767-4DCC-48F3-A9BA-74A345CA181B}.Release|Any CPU.ActiveCfg = Release|Any CPU
		{F3E0C767-4DCC-48F3-A9BA-74A345CA181B}.Release|Any CPU.Build.0 = Release|Any CPU
		{F3E0C767-4DCC-48F3-A9BA-74A345CA181B}.Release|x64.ActiveCfg = Release|Any CPU
		{F3E0C767-4DCC-48F3-A9BA-74A345CA181B}.Release|x64.Build.0 = Release|Any CPU
		{F3E0C767-4DCC-48F3-A9BA-74A345CA181B}.Release|x86.ActiveCfg = Release|Any CPU
		{F3E0C767-4DCC-48F3-A9BA-74A345CA181B}.Release|x86.Build.0 = Release|Any CPU
		{CDCC0708-249E-41F0-B410-ABFF36F3260E}.Debug|Any CPU.ActiveCfg = Debug|Any CPU
		{CDCC0708-249E-41F0-B410-ABFF36F3260E}.Debug|Any CPU.Build.0 = Debug|Any CPU
		{CDCC0708-249E-41F0-B410-ABFF36F3260E}.Debug|x64.ActiveCfg = Debug|Any CPU
		{CDCC0708-249E-41F0-B410-ABFF36F3260E}.Debug|x64.Build.0 = Debug|Any CPU
		{CDCC0708-249E-41F0-B410-ABFF36F3260E}.Debug|x86.ActiveCfg = Debug|Any CPU
		{CDCC0708-249E-41F0-B410-ABFF36F3260E}.Debug|x86.Build.0 = Debug|Any CPU
		{CDCC0708-249E-41F0-B410-ABFF36F3260E}.Release|Any CPU.ActiveCfg = Release|Any CPU
		{CDCC0708-249E-41F0-B410-ABFF36F3260E}.Release|Any CPU.Build.0 = Release|Any CPU
		{CDCC0708-249E-41F0-B410-ABFF36F3260E}.Release|x64.ActiveCfg = Release|Any CPU
		{CDCC0708-249E-41F0-B410-ABFF36F3260E}.Release|x64.Build.0 = Release|Any CPU
		{CDCC0708-249E-41F0-B410-ABFF36F3260E}.Release|x86.ActiveCfg = Release|Any CPU
		{CDCC0708-249E-41F0-B410-ABFF36F3260E}.Release|x86.Build.0 = Release|Any CPU
	EndGlobalSection
	GlobalSection(SolutionProperties) = preSolution
		HideSolutionNode = FALSE
	EndGlobalSection
	GlobalSection(ExtensibilityGlobals) = postSolution
		SolutionGuid = {94FD4A7C-A73C-4D5F-802D-0BB481123D2E}
	EndGlobalSection
EndGlobal
